// !$*UTF8*$!
{
	archiveVersion = 1;
	classes = {
	};
	objectVersion = 46;
	objects = {

/* Begin PBXBuildFile section */
		3464A4351AF67B5B007DAF73 /* PresentedViewController.swift in Sources */ = {isa = PBXBuildFile; fileRef = 3464A4341AF67B5B007DAF73 /* PresentedViewController.swift */; };
		34EAB00B1AD42E170078BDE5 /* PopoverTableViewController.swift in Sources */ = {isa = PBXBuildFile; fileRef = 34EAB00A1AD42E170078BDE5 /* PopoverTableViewController.swift */; };
		34F701121AD3F7E1003443B3 /* AppDelegate.swift in Sources */ = {isa = PBXBuildFile; fileRef = 34F701111AD3F7E1003443B3 /* AppDelegate.swift */; };
		34F701151AD3F7E1003443B3 /* SwiftCookbook.xcdatamodeld in Sources */ = {isa = PBXBuildFile; fileRef = 34F701131AD3F7E1003443B3 /* SwiftCookbook.xcdatamodeld */; };
		34F701171AD3F7E1003443B3 /* ViewController.swift in Sources */ = {isa = PBXBuildFile; fileRef = 34F701161AD3F7E1003443B3 /* ViewController.swift */; };
		34F7011A1AD3F7E2003443B3 /* Main.storyboard in Resources */ = {isa = PBXBuildFile; fileRef = 34F701181AD3F7E1003443B3 /* Main.storyboard */; };
		34F7011C1AD3F7E2003443B3 /* Images.xcassets in Resources */ = {isa = PBXBuildFile; fileRef = 34F7011B1AD3F7E2003443B3 /* Images.xcassets */; };
		34F7011F1AD3F7E2003443B3 /* LaunchScreen.xib in Resources */ = {isa = PBXBuildFile; fileRef = 34F7011D1AD3F7E2003443B3 /* LaunchScreen.xib */; };
		34F7012B1AD3F7E2003443B3 /* SwiftCookbookTests.swift in Sources */ = {isa = PBXBuildFile; fileRef = 34F7012A1AD3F7E2003443B3 /* SwiftCookbookTests.swift */; };
/* End PBXBuildFile section */

/* Begin PBXContainerItemProxy section */
		34F701251AD3F7E2003443B3 /* PBXContainerItemProxy */ = {
			isa = PBXContainerItemProxy;
			containerPortal = 34F701041AD3F7E1003443B3 /* Project object */;
			proxyType = 1;
			remoteGlobalIDString = 34F7010B1AD3F7E1003443B3;
			remoteInfo = SwiftCookbook;
		};
/* End PBXContainerItemProxy section */

/* Begin PBXFileReference section */
		3464A4341AF67B5B007DAF73 /* PresentedViewController.swift */ = {isa = PBXFileReference; fileEncoding = 4; lastKnownFileType = sourcecode.swift; path = PresentedViewController.swift; sourceTree = "<group>"; };
		34EAB00A1AD42E170078BDE5 /* PopoverTableViewController.swift */ = {isa = PBXFileReference; fileEncoding = 4; lastKnownFileType = sourcecode.swift; path = PopoverTableViewController.swift; sourceTree = "<group>"; };
		34F7010C1AD3F7E1003443B3 /* SwiftCookbook.app */ = {isa = PBXFileReference; explicitFileType = wrapper.application; includeInIndex = 0; path = SwiftCookbook.app; sourceTree = BUILT_PRODUCTS_DIR; };
		34F701101AD3F7E1003443B3 /* Info.plist */ = {isa = PBXFileReference; lastKnownFileType = text.plist.xml; path = Info.plist; sourceTree = "<group>"; };
		34F701111AD3F7E1003443B3 /* AppDelegate.swift */ = {isa = PBXFileReference; lastKnownFileType = sourcecode.swift; path = AppDelegate.swift; sourceTree = "<group>"; };
		34F701141AD3F7E1003443B3 /* SwiftCookbook.xcdatamodel */ = {isa = PBXFileReference; lastKnownFileType = wrapper.xcdatamodel; path = SwiftCookbook.xcdatamodel; sourceTree = "<group>"; };
		34F701161AD3F7E1003443B3 /* ViewController.swift */ = {isa = PBXFileReference; lastKnownFileType = sourcecode.swift; path = ViewController.swift; sourceTree = "<group>"; };
		34F701191AD3F7E1003443B3 /* Base */ = {isa = PBXFileReference; lastKnownFileType = file.storyboard; name = Base; path = Base.lproj/Main.storyboard; sourceTree = "<group>"; };
		34F7011B1AD3F7E2003443B3 /* Images.xcassets */ = {isa = PBXFileReference; lastKnownFileType = folder.assetcatalog; path = Images.xcassets; sourceTree = "<group>"; };
		34F7011E1AD3F7E2003443B3 /* Base */ = {isa = PBXFileReference; lastKnownFileType = file.xib; name = Base; path = Base.lproj/LaunchScreen.xib; sourceTree = "<group>"; };
		34F701241AD3F7E2003443B3 /* SwiftCookbookTests.xctest */ = {isa = PBXFileReference; explicitFileType = wrapper.cfbundle; includeInIndex = 0; path = SwiftCookbookTests.xctest; sourceTree = BUILT_PRODUCTS_DIR; };
		34F701291AD3F7E2003443B3 /* Info.plist */ = {isa = PBXFileReference; lastKnownFileType = text.plist.xml; path = Info.plist; sourceTree = "<group>"; };
		34F7012A1AD3F7E2003443B3 /* SwiftCookbookTests.swift */ = {isa = PBXFileReference; lastKnownFileType = sourcecode.swift; path = SwiftCookbookTests.swift; sourceTree = "<group>"; };
/* End PBXFileReference section */

/* Begin PBXFrameworksBuildPhase section */
		34F701091AD3F7E1003443B3 /* Frameworks */ = {
			isa = PBXFrameworksBuildPhase;
			buildActionMask = 2147483647;
			files = (
			);
			runOnlyForDeploymentPostprocessing = 0;
		};
		34F701211AD3F7E2003443B3 /* Frameworks */ = {
			isa = PBXFrameworksBuildPhase;
			buildActionMask = 2147483647;
			files = (
			);
			runOnlyForDeploymentPostprocessing = 0;
		};
/* End PBXFrameworksBuildPhase section */

/* Begin PBXGroup section */
		34F701031AD3F7E1003443B3 = {
			isa = PBXGroup;
			children = (
				34F7010E1AD3F7E1003443B3 /* SwiftCookbook */,
				34F701271AD3F7E2003443B3 /* SwiftCookbookTests */,
				34F7010D1AD3F7E1003443B3 /* Products */,
			);
			sourceTree = "<group>";
		};
		34F7010D1AD3F7E1003443B3 /* Products */ = {
			isa = PBXGroup;
			children = (
				34F7010C1AD3F7E1003443B3 /* SwiftCookbook.app */,
				34F701241AD3F7E2003443B3 /* SwiftCookbookTests.xctest */,
			);
			name = Products;
			sourceTree = "<group>";
		};
		34F7010E1AD3F7E1003443B3 /* SwiftCookbook */ = {
			isa = PBXGroup;
			children = (
				34F701111AD3F7E1003443B3 /* AppDelegate.swift */,
				34F701161AD3F7E1003443B3 /* ViewController.swift */,
				34F701181AD3F7E1003443B3 /* Main.storyboard */,
				34F7011B1AD3F7E2003443B3 /* Images.xcassets */,
				34F7011D1AD3F7E2003443B3 /* LaunchScreen.xib */,
				34F701131AD3F7E1003443B3 /* SwiftCookbook.xcdatamodeld */,
				34F7010F1AD3F7E1003443B3 /* Supporting Files */,
				34EAB00A1AD42E170078BDE5 /* PopoverTableViewController.swift */,
				3464A4341AF67B5B007DAF73 /* PresentedViewController.swift */,
			);
			path = SwiftCookbook;
			sourceTree = "<group>";
		};
		34F7010F1AD3F7E1003443B3 /* Supporting Files */ = {
			isa = PBXGroup;
			children = (
				34F701101AD3F7E1003443B3 /* Info.plist */,
			);
			name = "Supporting Files";
			sourceTree = "<group>";
		};
		34F701271AD3F7E2003443B3 /* SwiftCookbookTests */ = {
			isa = PBXGroup;
			children = (
				34F7012A1AD3F7E2003443B3 /* SwiftCookbookTests.swift */,
				34F701281AD3F7E2003443B3 /* Supporting Files */,
			);
			path = SwiftCookbookTests;
			sourceTree = "<group>";
		};
		34F701281AD3F7E2003443B3 /* Supporting Files */ = {
			isa = PBXGroup;
			children = (
				34F701291AD3F7E2003443B3 /* Info.plist */,
			);
			name = "Supporting Files";
			sourceTree = "<group>";
		};
/* End PBXGroup section */

/* Begin PBXNativeTarget section */
		34F7010B1AD3F7E1003443B3 /* SwiftCookbook */ = {
			isa = PBXNativeTarget;
			buildConfigurationList = 34F7012E1AD3F7E2003443B3 /* Build configuration list for PBXNativeTarget "SwiftCookbook" */;
			buildPhases = (
				34F701081AD3F7E1003443B3 /* Sources */,
				34F701091AD3F7E1003443B3 /* Frameworks */,
				34F7010A1AD3F7E1003443B3 /* Resources */,
			);
			buildRules = (
			);
			dependencies = (
			);
			name = SwiftCookbook;
			productName = SwiftCookbook;
			productReference = 34F7010C1AD3F7E1003443B3 /* SwiftCookbook.app */;
			productType = "com.apple.product-type.application";
		};
		34F701231AD3F7E2003443B3 /* SwiftCookbookTests */ = {
			isa = PBXNativeTarget;
			buildConfigurationList = 34F701311AD3F7E2003443B3 /* Build configuration list for PBXNativeTarget "SwiftCookbookTests" */;
			buildPhases = (
				34F701201AD3F7E2003443B3 /* Sources */,
				34F701211AD3F7E2003443B3 /* Frameworks */,
				34F701221AD3F7E2003443B3 /* Resources */,
			);
			buildRules = (
			);
			dependencies = (
				34F701261AD3F7E2003443B3 /* PBXTargetDependency */,
			);
			name = SwiftCookbookTests;
			productName = SwiftCookbookTests;
			productReference = 34F701241AD3F7E2003443B3 /* SwiftCookbookTests.xctest */;
			productType = "com.apple.product-type.bundle.unit-test";
		};
/* End PBXNativeTarget section */

/* Begin PBXProject section */
		34F701041AD3F7E1003443B3 /* Project object */ = {
			isa = PBXProject;
			attributes = {
				LastUpgradeCheck = 0620;
				ORGANIZATIONNAME = avenwu;
				TargetAttributes = {
					34F7010B1AD3F7E1003443B3 = {
						CreatedOnToolsVersion = 6.2;
					};
					34F701231AD3F7E2003443B3 = {
						CreatedOnToolsVersion = 6.2;
						TestTargetID = 34F7010B1AD3F7E1003443B3;
					};
				};
			};
			buildConfigurationList = 34F701071AD3F7E1003443B3 /* Build configuration list for PBXProject "SwiftCookbook" */;
			compatibilityVersion = "Xcode 3.2";
			developmentRegion = English;
			hasScannedForEncodings = 0;
			knownRegions = (
				en,
				Base,
			);
			mainGroup = 34F701031AD3F7E1003443B3;
			productRefGroup = 34F7010D1AD3F7E1003443B3 /* Products */;
			projectDirPath = "";
			projectRoot = "";
			targets = (
				34F7010B1AD3F7E1003443B3 /* SwiftCookbook */,
				34F701231AD3F7E2003443B3 /* SwiftCookbookTests */,
			);
		};
/* End PBXProject section */

/* Begin PBXResourcesBuildPhase section */
		34F7010A1AD3F7E1003443B3 /* Resources */ = {
			isa = PBXResourcesBuildPhase;
			buildActionMask = 2147483647;
			files = (
				34F7011A1AD3F7E2003443B3 /* Main.storyboard in Resources */,
				34F7011F1AD3F7E2003443B3 /* LaunchScreen.xib in Resources */,
				34F7011C1AD3F7E2003443B3 /* Images.xcassets in Resources */,
			);
			runOnlyForDeploymentPostprocessing = 0;
		};
		34F701221AD3F7E2003443B3 /* Resources */ = {
			isa = PBXResourcesBuildPhase;
			buildActionMask = 2147483647;
			files = (
			);
			runOnlyForDeploymentPostprocessing = 0;
		};
/* End PBXResourcesBuildPhase section */

/* Begin PBXSourcesBuildPhase section */
		34F701081AD3F7E1003443B3 /* Sources */ = {
			isa = PBXSourcesBuildPhase;
			buildActionMask = 2147483647;
			files = (
				34F701171AD3F7E1003443B3 /* ViewController.swift in Sources */,
				34EAB00B1AD42E170078BDE5 /* PopoverTableViewController.swift in Sources */,
				34F701151AD3F7E1003443B3 /* SwiftCookbook.xcdatamodeld in Sources */,
				3464A4351AF67B5B007DAF73 /* PresentedViewController.swift in Sources */,
				34F701121AD3F7E1003443B3 /* AppDelegate.swift in Sources */,
			);
			runOnlyForDeploymentPostprocessing = 0;
		};
		34F701201AD3F7E2003443B3 /* Sources */ = {
			isa = PBXSourcesBuildPhase;
			buildActionMask = 2147483647;
			files = (
				34F7012B1AD3F7E2003443B3 /* SwiftCookbookTests.swift in Sources */,
			);
			runOnlyForDeploymentPostprocessing = 0;
		};
/* End PBXSourcesBuildPhase section */

/* Begin PBXTargetDependency section */
		34F701261AD3F7E2003443B3 /* PBXTargetDependency */ = {
			isa = PBXTargetDependency;
			target = 34F7010B1AD3F7E1003443B3 /* SwiftCookbook */;
			targetProxy = 34F701251AD3F7E2003443B3 /* PBXContainerItemProxy */;
		};
/* End PBXTargetDependency section */

/* Begin PBXVariantGroup section */
		34F701181AD3F7E1003443B3 /* Main.storyboard */ = {
			isa = PBXVariantGroup;
			children = (
				34F701191AD3F7E1003443B3 /* Base */,
			);
			name = Main.storyboard;
			sourceTree = "<group>";
		};
		34F7011D1AD3F7E2003443B3 /* LaunchScreen.xib */ = {
			isa = PBXVariantGroup;
			children = (
				34F7011E1AD3F7E2003443B3 /* Base */,
			);
			name = LaunchScreen.xib;
			sourceTree = "<group>";
		};
/* End PBXVariantGroup section */

/* Begin XCBuildConfiguration section */
		34F7012C1AD3F7E2003443B3 /* Debug */ = {
			isa = XCBuildConfiguration;
			buildSettings = {
				ALWAYS_SEARCH_USER_PATHS = NO;
				CLANG_CXX_LANGUAGE_STANDARD = "gnu++0x";
				CLANG_CXX_LIBRARY = "libc++";
				CLANG_ENABLE_MODULES = YES;
				CLANG_ENABLE_OBJC_ARC = YES;
				CLANG_WARN_BOOL_CONVERSION = YES;
				CLANG_WARN_CONSTANT_CONVERSION = YES;
				CLANG_WARN_DIRECT_OBJC_ISA_USAGE = YES_ERROR;
				CLANG_WARN_EMPTY_BODY = YES;
				CLANG_WARN_ENUM_CONVERSION = YES;
				CLANG_WARN_INT_CONVERSION = YES;
				CLANG_WARN_OBJC_ROOT_CLASS = YES_ERROR;
				CLANG_WARN_UNREACHABLE_CODE = YES;
				CLANG_WARN__DUPLICATE_METHOD_MATCH = YES;
				"CODE_SIGN_IDENTITY[sdk=iphoneos*]" = "iPhone Developer";
				COPY_PHASE_STRIP = NO;
				ENABLE_STRICT_OBJC_MSGSEND = YES;
				GCC_C_LANGUAGE_STANDARD = gnu99;
				GCC_DYNAMIC_NO_PIC = NO;
				GCC_OPTIMIZATION_LEVEL = 0;
				GCC_PREPROCESSOR_DEFINITIONS = (
					"DEBUG=1",
					"$(inherited)",
				);
				GCC_SYMBOLS_PRIVATE_EXTERN = NO;
				GCC_WARN_64_TO_32_BIT_CONVERSION = YES;
				GCC_WARN_ABOUT_RETURN_TYPE = YES_ERROR;
				GCC_WARN_UNDECLARED_SELECTOR = YES;
				GCC_WARN_UNINITIALIZED_AUTOS = YES_AGGRESSIVE;
				GCC_WARN_UNUSED_FUNCTION = YES;
				GCC_WARN_UNUSED_VARIABLE = YES;
				IPHONEOS_DEPLOYMENT_TARGET = 8.2;
				MTL_ENABLE_DEBUG_INFO = YES;
				ONLY_ACTIVE_ARCH = YES;
				SDKROOT = iphoneos;
				SWIFT_OPTIMIZATION_LEVEL = "-Onone";
			};
			name = Debug;
		};
		34F7012D1AD3F7E2003443B3 /* Release */ = {
			isa = XCBuildConfiguration;
			buildSettings = {
				ALWAYS_SEARCH_USER_PATHS = NO;
				CLANG_CXX_LANGUAGE_STANDARD = "gnu++0x";
				CLANG_CXX_LIBRARY = "libc++";
				CLANG_ENABLE_MODULES = YES;
				CLANG_ENABLE_OBJC_ARC = YES;
				CLANG_WARN_BOOL_CONVERSION = YES;
				CLANG_WARN_CONSTANT_CONVERSION = YES;
				CLANG_WARN_DIRECT_OBJC_ISA_USAGE = YES_ERROR;
				CLANG_WARN_EMPTY_BODY = YES;
				CLANG_WARN_ENUM_CONVERSION = YES;
				CLANG_WARN_INT_CONVERSION = YES;
				CLANG_WARN_OBJC_ROOT_CLASS = YES_ERROR;
				CLANG_WARN_UNREACHABLE_CODE = YES;
				CLANG_WARN__DUPLICATE_METHOD_MATCH = YES;
				"CODE_SIGN_IDENTITY[sdk=iphoneos*]" = "iPhone Developer";
				COPY_PHASE_STRIP = NO;
				ENABLE_NS_ASSERTIONS = NO;
				ENABLE_STRICT_OBJC_MSGSEND = YES;
				GCC_C_LANGUAGE_STANDARD = gnu99;
				GCC_WARN_64_TO_32_BIT_CONVERSION = YES;
				GCC_WARN_ABOUT_RETURN_TYPE = YES_ERROR;
				GCC_WARN_UNDECLARED_SELECTOR = YES;
				GCC_WARN_UNINITIALIZED_AUTOS = YES_AGGRESSIVE;
				GCC_WARN_UNUSED_FUNCTION = YES;
				GCC_WARN_UNUSED_VARIABLE = YES;
				IPHONEOS_DEPLOYMENT_TARGET = 8.2;
				MTL_ENABLE_DEBUG_INFO = NO;
				SDKROOT = iphoneos;
				VALIDATE_PRODUCT = YES;
			};
			name = Release;
		};
		34F7012F1AD3F7E2003443B3 /* Debug */ = {
			isa = XCBuildConfiguration;
			buildSettings = {
				ASSETCATALOG_COMPILER_APPICON_NAME = AppIcon;
				INFOPLIST_FILE = SwiftCookbook/Info.plist;
				LD_RUNPATH_SEARCH_PATHS = "$(inherited) @executable_path/Frameworks";
				PRODUCT_NAME = "$(TARGET_NAME)";
				TARGETED_DEVICE_FAMILY = "1,2";
			};
			name = Debug;
		};
		34F701301AD3F7E2003443B3 /* Release */ = {
			isa = XCBuildConfiguration;
			buildSettings = {
				ASSETCATALOG_COMPILER_APPICON_NAME = AppIcon;
				INFOPLIST_FILE = SwiftCookbook/Info.plist;
				LD_RUNPATH_SEARCH_PATHS = "$(inherited) @executable_path/Frameworks";
				PRODUCT_NAME = "$(TARGET_NAME)";
				TARGETED_DEVICE_FAMILY = "1,2";
			};
			name = Release;
		};
		34F701321AD3F7E2003443B3 /* Debug */ = {
			isa = XCBuildConfiguration;
			buildSettings = {
				BUNDLE_LOADER = "$(TEST_HOST)";
				FRAMEWORK_SEARCH_PATHS = (
					"$(SDKROOT)/Developer/Library/Frameworks",
					"$(inherited)",
				);
				GCC_PREPROCESSOR_DEFINITIONS = (
					"DEBUG=1",
					"$(inherited)",
				);
				INFOPLIST_FILE = SwiftCookbookTests/Info.plist;
				LD_RUNPATH_SEARCH_PATHS = "$(inherited) @executable_path/Frameworks @loader_path/Frameworks";
				PRODUCT_NAME = "$(TARGET_NAME)";
				TEST_HOST = "$(BUILT_PRODUCTS_DIR)/SwiftCookbook.app/SwiftCookbook";
			};
			name = Debug;
		};
		34F701331AD3F7E2003443B3 /* Release */ = {
			isa = XCBuildConfiguration;
			buildSettings = {
				BUNDLE_LOADER = "$(TEST_HOST)";
				FRAMEWORK_SEARCH_PATHS = (
					"$(SDKROOT)/Developer/Library/Frameworks",
					"$(inherited)",
				);
				INFOPLIST_FILE = SwiftCookbookTests/Info.plist;
				LD_RUNPATH_SEARCH_PATHS = "$(inherited) @executable_path/Frameworks @loader_path/Frameworks";
				PRODUCT_NAME = "$(TARGET_NAME)";
				TEST_HOST = "$(BUILT_PRODUCTS_DIR)/SwiftCookbook.app/SwiftCookbook";
			};
			name = Release;
		};
/* End XCBuildConfiguration section */

/* Begin XCConfigurationList section */
		34F701071AD3F7E1003443B3 /* Build configuration list for PBXProject "SwiftCookbook" */ = {
			isa = XCConfigurationList;
			buildConfigurations = (
				34F7012C1AD3F7E2003443B3 /* Debug */,
				34F7012D1AD3F7E2003443B3 /* Release */,
			);
			defaultConfigurationIsVisible = 0;
			defaultConfigurationName = Release;
		};
		34F7012E1AD3F7E2003443B3 /* Build configuration list for PBXNativeTarget "SwiftCookbook" */ = {
			isa = XCConfigurationList;
			buildConfigurations = (
				34F7012F1AD3F7E2003443B3 /* Debug */,
				34F701301AD3F7E2003443B3 /* Release */,
			);
			defaultConfigurationIsVisible = 0;
			defaultConfigurationName = Release;
		};
		34F701311AD3F7E2003443B3 /* Build configuration list for PBXNativeTarget "SwiftCookbookTests" */ = {
			isa = XCConfigurationList;
			buildConfigurations = (
				34F701321AD3F7E2003443B3 /* Debug */,
				34F701331AD3F7E2003443B3 /* Release */,
			);
			defaultConfigurationIsVisible = 0;
			defaultConfigurationName = Release;
		};
/* End XCConfigurationList section */

/* Begin XCVersionGroup section */
		34F701131AD3F7E1003443B3 /* SwiftCookbook.xcdatamodeld */ = {
			isa = XCVersionGroup;
			children = (
				34F701141AD3F7E1003443B3 /* SwiftCookbook.xcdatamodel */,
			);
			currentVersion = 34F701141AD3F7E1003443B3 /* SwiftCookbook.xcdatamodel */;
			path = SwiftCookbook.xcdatamodeld;
			sourceTree = "<group>";
			versionGroupType = wrapper.xcdatamodel;
		};
/* End XCVersionGroup section */
	};
	rootObject = 34F701041AD3F7E1003443B3 /* Project object */;
}
